
Microsoft Visual Studio Solution File, Format Version 12.00
# Visual Studio 15
VisualStudioVersion = 15.0.27703.2047
MinimumVisualStudioVersion = 10.0.40219.1
Project("{FAE04EC0-301F-11D3-BF4B-00C04F79EFBC}") = "MsgBoard", "MsgBoard\MsgBoard.csproj", "{CDA18C62-903F-4832-83C0-2C2662073727}"
EndProject
Project("{FAE04EC0-301F-11D3-BF4B-00C04F79EFBC}") = "HashUtility", "HashUtility\HashUtility.csproj", "{BDA209D3-A955-4318-BD4E-9AA74D9DB785}"
EndProject
Project("{FAE04EC0-301F-11D3-BF4B-00C04F79EFBC}") = "HashUtilityTests", "HashUtilityTests\HashUtilityTests.csproj", "{32674B29-D6E4-4D0A-951F-21EAD4F79679}"
EndProject
Project("{2150E333-8FDC-42A3-9474-1A3956D46DE8}") = "Lib", "Lib", "{E22444C8-6D7D-4063-A841-0D0635F491CA}"
EndProject
Project("{2150E333-8FDC-42A3-9474-1A3956D46DE8}") = "Web", "Web", "{58DF2023-A7EB-49E3-923E-D8621E2D8554}"
EndProject
Project("{FAE04EC0-301F-11D3-BF4B-00C04F79EFBC}") = "MsgBoardTests", "MsgBoardTests\MsgBoardTests.csproj", "{49C6B912-3CE7-4612-8D87-0E474509852A}"
EndProject
Project("{FAE04EC0-301F-11D3-BF4B-00C04F79EFBC}") = "DataAccess", "DataAccess\DataAccess.csproj", "{090F7FA9-5E48-48A7-8D2B-195ECD3BBE57}"
EndProject
Project("{FAE04EC0-301F-11D3-BF4B-00C04F79EFBC}") = "DataModel", "DataModel\DataModel.csproj", "{E427E9A5-F44C-4B9D-8817-6C1493585F0D}"
EndProject
Project("{FAE04EC0-301F-11D3-BF4B-00C04F79EFBC}") = "MsgBoard.DataModel", "MsgBoard.DataModel\MsgBoard.DataModel.csproj", "{0C8E213A-2A20-4664-BDFF-9B5C46E0BAAE}"
EndProject
Global
	GlobalSection(SolutionConfigurationPlatforms) = preSolution
		Debug|Any CPU = Debug|Any CPU
		Release|Any CPU = Release|Any CPU
	EndGlobalSection
	GlobalSection(ProjectConfigurationPlatforms) = postSolution
		{CDA18C62-903F-4832-83C0-2C2662073727}.Debug|Any CPU.ActiveCfg = Debug|Any CPU
		{CDA18C62-903F-4832-83C0-2C2662073727}.Debug|Any CPU.Build.0 = Debug|Any CPU
		{CDA18C62-903F-4832-83C0-2C2662073727}.Release|Any CPU.ActiveCfg = Release|Any CPU
		{CDA18C62-903F-4832-83C0-2C2662073727}.Release|Any CPU.Build.0 = Release|Any CPU
		{BDA209D3-A955-4318-BD4E-9AA74D9DB785}.Debug|Any CPU.ActiveCfg = Debug|Any CPU
		{BDA209D3-A955-4318-BD4E-9AA74D9DB785}.Debug|Any CPU.Build.0 = Debug|Any CPU
		{BDA209D3-A955-4318-BD4E-9AA74D9DB785}.Release|Any CPU.ActiveCfg = Release|Any CPU
		{BDA209D3-A955-4318-BD4E-9AA74D9DB785}.Release|Any CPU.Build.0 = Release|Any CPU
		{32674B29-D6E4-4D0A-951F-21EAD4F79679}.Debug|Any CPU.ActiveCfg = Debug|Any CPU
		{32674B29-D6E4-4D0A-951F-21EAD4F79679}.Debug|Any CPU.Build.0 = Debug|Any CPU
		{32674B29-D6E4-4D0A-951F-21EAD4F79679}.Release|Any CPU.ActiveCfg = Release|Any CPU
		{32674B29-D6E4-4D0A-951F-21EAD4F79679}.Release|Any CPU.Build.0 = Release|Any CPU
		{49C6B912-3CE7-4612-8D87-0E474509852A}.Debug|Any CPU.ActiveCfg = Debug|Any CPU
		{49C6B912-3CE7-4612-8D87-0E474509852A}.Debug|Any CPU.Build.0 = Debug|Any CPU
		{49C6B912-3CE7-4612-8D87-0E474509852A}.Release|Any CPU.ActiveCfg = Release|Any CPU
		{49C6B912-3CE7-4612-8D87-0E474509852A}.Release|Any CPU.Build.0 = Release|Any CPU
		{090F7FA9-5E48-48A7-8D2B-195ECD3BBE57}.Debug|Any CPU.ActiveCfg = Debug|Any CPU
		{090F7FA9-5E48-48A7-8D2B-195ECD3BBE57}.Debug|Any CPU.Build.0 = Debug|Any CPU
		{090F7FA9-5E48-48A7-8D2B-195ECD3BBE57}.Release|Any CPU.ActiveCfg = Release|Any CPU
		{090F7FA9-5E48-48A7-8D2B-195ECD3BBE57}.Release|Any CPU.Build.0 = Release|Any CPU
		{E427E9A5-F44C-4B9D-8817-6C1493585F0D}.Debug|Any CPU.ActiveCfg = Debug|Any CPU
		{E427E9A5-F44C-4B9D-8817-6C1493585F0D}.Debug|Any CPU.Build.0 = Debug|Any CPU
		{E427E9A5-F44C-4B9D-8817-6C1493585F0D}.Release|Any CPU.ActiveCfg = Release|Any CPU
		{E427E9A5-F44C-4B9D-8817-6C1493585F0D}.Release|Any CPU.Build.0 = Release|Any CPU
		{0C8E213A-2A20-4664-BDFF-9B5C46E0BAAE}.Debug|Any CPU.ActiveCfg = Debug|Any CPU
		{0C8E213A-2A20-4664-BDFF-9B5C46E0BAAE}.Debug|Any CPU.Build.0 = Debug|Any CPU
		{0C8E213A-2A20-4664-BDFF-9B5C46E0BAAE}.Release|Any CPU.ActiveCfg = Release|Any CPU
		{0C8E213A-2A20-4664-BDFF-9B5C46E0BAAE}.Release|Any CPU.Build.0 = Release|Any CPU
	EndGlobalSection
	GlobalSection(SolutionProperties) = preSolution
		HideSolutionNode = FALSE
	EndGlobalSection
	GlobalSection(NestedProjects) = preSolution
		{CDA18C62-903F-4832-83C0-2C2662073727} = {58DF2023-A7EB-49E3-923E-D8621E2D8554}
		{BDA209D3-A955-4318-BD4E-9AA74D9DB785} = {E22444C8-6D7D-4063-A841-0D0635F491CA}
		{32674B29-D6E4-4D0A-951F-21EAD4F79679} = {E22444C8-6D7D-4063-A841-0D0635F491CA}
		{49C6B912-3CE7-4612-8D87-0E474509852A} = {58DF2023-A7EB-49E3-923E-D8621E2D8554}
		{090F7FA9-5E48-48A7-8D2B-195ECD3BBE57} = {E22444C8-6D7D-4063-A841-0D0635F491CA}
		{E427E9A5-F44C-4B9D-8817-6C1493585F0D} = {E22444C8-6D7D-4063-A841-0D0635F491CA}
		{0C8E213A-2A20-4664-BDFF-9B5C46E0BAAE} = {E22444C8-6D7D-4063-A841-0D0635F491CA}
	EndGlobalSection
	GlobalSection(ExtensibilityGlobals) = postSolution
		SolutionGuid = {CA7E80DB-C9A2-4C00-BBA8-B9A5C512AB11}
	EndGlobalSection
EndGlobal
